<?xml version="1.0" encoding="utf-8"?>
<Project ToolsVersion="4.0" xmlns="http://schemas.microsoft.com/developer/msbuild/2003">
  <ItemGroup>
    <Filter Include="Source Files">
      <UniqueIdentifier>{4FC737F1-C7A5-4376-A066-2A32D752A2FF}</UniqueIdentifier>
      <Extensions>cpp;c;cc;cxx;def;odl;idl;hpj;bat;asm;asmx</Extensions>
    </Filter>
    <Filter Include="Header Files">
      <UniqueIdentifier>{93995380-89BD-4b04-88EB-625FBE52EBFB}</UniqueIdentifier>
      <Extensions>h;hh;hpp;hxx;hm;inl;inc;xsd</Extensions>
    </Filter>
    <Filter Include="Resource Files">
      <UniqueIdentifier>{67DA6AB6-F800-4c08-8B7A-83BB121AAD01}</UniqueIdentifier>
      <Extensions>rc;ico;cur;bmp;dlg;rc2;rct;bin;rgs;gif;jpg;jpeg;jpe;resx;tiff;tif;png;wav;mfcribbon-ms</Extensions>
    </Filter>
    <Filter Include="UI Interfaces">
      <UniqueIdentifier>{7710ef64-e81b-4e72-8802-651670783a91}</UniqueIdentifier>
    </Filter>
    <Filter Include="Vitals Interfaces">
      <UniqueIdentifier>{bb37b24f-a8a6-4876-a257-4898941f815f}</UniqueIdentifier>
    </Filter>
    <Filter Include="UI Interfaces\Sources">
      <UniqueIdentifier>{8b115647-4f22-4cc4-a070-76c2206eb666}</UniqueIdentifier>
    </Filter>
    <Filter Include="Vitals Interfaces\Sources">
      <UniqueIdentifier>{c36576c0-ca53-4171-adef-386b173ffd95}</UniqueIdentifier>
    </Filter>
  </ItemGroup>
  <ItemGroup>
    <ClInclude Include="..\inc\UI\ICoreGUIApplication.h">
      <Filter>UI Interfaces</Filter>
    </ClInclude>
    <ClInclude Include="..\inc\UI\IMainWindow.h">
      <Filter>UI Interfaces</Filter>
    </ClInclude>
    <ClInclude Include="..\inc\UI\IOpenGLWindow.h">
      <Filter>UI Interfaces</Filter>
    </ClInclude>
    <ClInclude Include="..\inc\UI\IOutputWindow.h">
      <Filter>UI Interfaces</Filter>
    </ClInclude>
    <ClInclude Include="..\inc\UI\IPluginExplorer.h">
      <Filter>UI Interfaces</Filter>
    </ClInclude>
    <ClInclude Include="..\inc\Routines.h">
      <Filter>Header Files</Filter>
    </ClInclude>
    <ClInclude Include="..\inc\Settings.h">
      <Filter>Header Files</Filter>
    </ClInclude>
    <ClInclude Include="..\inc\SkeletonInterface.h">
      <Filter>Header Files</Filter>
    </ClInclude>
    <ClInclude Include="..\inc\Vitals\IPluginsManager.h">
      <Filter>Vitals Interfaces</Filter>
    </ClInclude>
    <ClInclude Include="..\inc\Vitals\IVitalsInterfaceManager.h">
      <Filter>Vitals Interfaces</Filter>
    </ClInclude>
    <ClInclude Include="..\inc\UI\IUIInterfaceManager.h">
      <Filter>UI Interfaces</Filter>
    </ClInclude>
    <ClInclude Include="..\inc\Vitals\IPlugin.h">
      <Filter>Vitals Interfaces</Filter>
    </ClInclude>
    <ClInclude Include="..\inc\Vitals\ICallerManager.h">
      <Filter>Vitals Interfaces</Filter>
    </ClInclude>
    <ClInclude Include="..\inc\Vitals\Caller.h">
      <Filter>Vitals Interfaces</Filter>
    </ClInclude>
    <ClInclude Include="..\inc\UI\ICommonControls.h">
      <Filter>UI Interfaces</Filter>
    </ClInclude>
    <ClInclude Include="..\inc\Vitals\IMessagePrinter.h">
      <Filter>Vitals Interfaces</Filter>
    </ClInclude>
  </ItemGroup>
  <ItemGroup>
    <ClCompile Include="Settings.cpp">
      <Filter>Source Files</Filter>
    </ClCompile>
    <ClCompile Include="Routines.cpp">
      <Filter>Source Files</Filter>
    </ClCompile>
    <ClCompile Include="ICommonControls.cpp">
      <Filter>UI Interfaces\Sources</Filter>
    </ClCompile>
    <ClCompile Include="ICoreGUIApplication.cpp">
      <Filter>UI Interfaces\Sources</Filter>
    </ClCompile>
    <ClCompile Include="IMainWindow.cpp">
      <Filter>UI Interfaces\Sources</Filter>
    </ClCompile>
    <ClCompile Include="IOpenGLWindow.cpp">
      <Filter>UI Interfaces\Sources</Filter>
    </ClCompile>
    <ClCompile Include="IOutputWindow.cpp">
      <Filter>UI Interfaces\Sources</Filter>
    </ClCompile>
    <ClCompile Include="IPluginExplorer.cpp">
      <Filter>UI Interfaces\Sources</Filter>
    </ClCompile>
    <ClCompile Include="IUIInterfaceManager.cpp">
      <Filter>UI Interfaces\Sources</Filter>
    </ClCompile>
    <ClCompile Include="Caller.cpp">
      <Filter>Vitals Interfaces\Sources</Filter>
    </ClCompile>
    <ClCompile Include="ICallerManager.cpp">
      <Filter>Vitals Interfaces\Sources</Filter>
    </ClCompile>
    <ClCompile Include="IMessagePrinter.cpp">
      <Filter>Vitals Interfaces\Sources</Filter>
    </ClCompile>
    <ClCompile Include="IPlugin.cpp">
      <Filter>Vitals Interfaces\Sources</Filter>
    </ClCompile>
    <ClCompile Include="IPluginsManager.cpp">
      <Filter>Vitals Interfaces\Sources</Filter>
    </ClCompile>
    <ClCompile Include="IVitalsInterfaceManager.cpp">
      <Filter>Vitals Interfaces\Sources</Filter>
    </ClCompile>
  </ItemGroup>
</Project>